<?xml version="1.0" encoding="utf-8"?>
<Project ToolsVersion="4.0" xmlns="http://schemas.microsoft.com/developer/msbuild/2003">
  <ItemGroup>
    <Filter Include="Source Files">
      <UniqueIdentifier>{4FC737F1-C7A5-4376-A066-2A32D752A2FF}</UniqueIdentifier>
      <Extensions>cpp;c;cc;cxx;def;odl;idl;hpj;bat;asm;asmx</Extensions>
    </Filter>
    <Filter Include="Header Files">
      <UniqueIdentifier>{93995380-89BD-4b04-88EB-625FBE52EBFB}</UniqueIdentifier>
      <Extensions>h;hh;hpp;hxx;hm;inl;inc;xsd</Extensions>
    </Filter>
    <Filter Include="Resource Files">
      <UniqueIdentifier>{67DA6AB6-F800-4c08-8B7A-83BB121AAD01}</UniqueIdentifier>
      <Extensions>rc;ico;cur;bmp;dlg;rc2;rct;bin;rgs;gif;jpg;jpeg;jpe;resx;tiff;tif;png;wav;mfcribbon-ms</Extensions>
    </Filter>
    <Filter Include="Header Files\Utils">
      <UniqueIdentifier>{ed36dbc2-6410-4c9f-97e6-d8914fd8d981}</UniqueIdentifier>
    </Filter>
    <Filter Include="Source Files\Utils">
      <UniqueIdentifier>{5d4e2846-c4bf-4e73-bfc9-8f8eed59628d}</UniqueIdentifier>
    </Filter>
    <Filter Include="Header Files\Graphics">
      <UniqueIdentifier>{a86a1394-4eea-407a-860f-c4e57b429b5b}</UniqueIdentifier>
    </Filter>
    <Filter Include="Source Files\Graphics">
      <UniqueIdentifier>{01951645-033a-4cc5-8d64-d17127a52401}</UniqueIdentifier>
    </Filter>
    <Filter Include="Header Files\3DMath">
      <UniqueIdentifier>{591a6395-157f-4ec6-b66d-9e56a10b059b}</UniqueIdentifier>
    </Filter>
    <Filter Include="Source Files\3DMath">
      <UniqueIdentifier>{ee41e275-04eb-4221-9e7a-ef311335dc02}</UniqueIdentifier>
    </Filter>
    <Filter Include="Header Files\Objects">
      <UniqueIdentifier>{da541a62-68d3-4c1c-8430-a6cafac52f60}</UniqueIdentifier>
    </Filter>
    <Filter Include="Source Files\Objects">
      <UniqueIdentifier>{954437dd-6785-4c6f-b6f5-c8e8a75428f1}</UniqueIdentifier>
    </Filter>
  </ItemGroup>
  <ItemGroup>
    <ClInclude Include="Timer.h">
      <Filter>Header Files\Utils</Filter>
    </ClInclude>
    <ClInclude Include="Graphics.h">
      <Filter>Header Files\Graphics</Filter>
    </ClInclude>
    <ClInclude Include="Logger.h">
      <Filter>Header Files\Utils</Filter>
    </ClInclude>
    <ClInclude Include="Utils.h">
      <Filter>Header Files\Utils</Filter>
    </ClInclude>
    <ClInclude Include="Point3D.h">
      <Filter>Header Files\3DMath</Filter>
    </ClInclude>
    <ClInclude Include="Matrix3D.h">
      <Filter>Header Files\3DMath</Filter>
    </ClInclude>
    <ClInclude Include="Edge.h">
      <Filter>Header Files\3DMath</Filter>
    </ClInclude>
    <ClInclude Include="Object3D.h">
      <Filter>Header Files\3DMath</Filter>
    </ClInclude>
    <ClInclude Include="Torus.h">
      <Filter>Header Files\Objects</Filter>
    </ClInclude>
    <ClInclude Include="Scene.h">
      <Filter>Header Files</Filter>
    </ClInclude>
  </ItemGroup>
  <ItemGroup>
    <ClCompile Include="Timer.cpp">
      <Filter>Source Files\Utils</Filter>
    </ClCompile>
    <ClCompile Include="Graphics.cpp">
      <Filter>Source Files\Graphics</Filter>
    </ClCompile>
    <ClCompile Include="Logger.cpp">
      <Filter>Source Files\Utils</Filter>
    </ClCompile>
    <ClCompile Include="main.cpp">
      <Filter>Source Files</Filter>
    </ClCompile>
    <ClCompile Include="Point3D.cpp">
      <Filter>Source Files\3DMath</Filter>
    </ClCompile>
    <ClCompile Include="Matrix3D.cpp">
      <Filter>Source Files\3DMath</Filter>
    </ClCompile>
    <ClCompile Include="Edge.cpp">
      <Filter>Source Files\3DMath</Filter>
    </ClCompile>
    <ClCompile Include="Torus.cpp">
      <Filter>Source Files\Objects</Filter>
    </ClCompile>
    <ClCompile Include="Object3D.cpp">
      <Filter>Source Files\3DMath</Filter>
    </ClCompile>
    <ClCompile Include="Scene.cpp">
      <Filter>Source Files</Filter>
    </ClCompile>
  </ItemGroup>
</Project>